
Microsoft Visual Studio Solution File, Format Version 12.00
# Visual Studio Version 16
VisualStudioVersion = 16.0.30804.86
MinimumVisualStudioVersion = 10.0.40219.1
Project("{FAE04EC0-301F-11D3-BF4B-00C04F79EFBC}") = "Mubashir_Ahmed_1", "Mubashir_Ahmed_1\Mubashir_Ahmed_1.csproj", "{CFC448D5-F8FC-497E-AA99-B550D8C00031}"
EndProject
Global
	GlobalSection(SolutionConfigurationPlatforms) = preSolution
		Debug|Any CPU = Debug|Any CPU
		Release|Any CPU = Release|Any CPU
	EndGlobalSection
	GlobalSection(ProjectConfigurationPlatforms) = postSolution
		{CFC448D5-F8FC-497E-AA99-B550D8C00031}.Debug|Any CPU.ActiveCfg = Debug|Any CPU
		{CFC448D5-F8FC-497E-AA99-B550D8C00031}.Debug|Any CPU.Build.0 = Debug|Any CPU
		{CFC448D5-F8FC-497E-AA99-B550D8C00031}.Release|Any CPU.ActiveCfg = Release|Any CPU
		{CFC448D5-F8FC-497E-AA99-B550D8C00031}.Release|Any CPU.Build.0 = Release|Any CPU
	EndGlobalSection
	GlobalSection(SolutionProperties) = preSolution
		HideSolutionNode = FALSE
	EndGlobalSection
	GlobalSection(ExtensibilityGlobals) = postSolution
		SolutionGuid = {53547A52-1122-4318-A07F-20572357C516}
	EndGlobalSection
EndGlobal
